
Microsoft Visual Studio Solution File, Format Version 12.00
# Visual Studio Version 16
VisualStudioVersion = 16.0.30804.86
MinimumVisualStudioVersion = 10.0.40219.1
Project("{FAE04EC0-301F-11D3-BF4B-00C04F79EFBC}") = "Back Out Of Tree", "Back Out Of Tree\Back Out Of Tree.csproj", "{7EC24194-8662-4580-BFC9-FA619BFC67CA}"
EndProject
Global
	GlobalSection(SolutionConfigurationPlatforms) = preSolution
		Debug|Any CPU = Debug|Any CPU
		Release|Any CPU = Release|Any CPU
	EndGlobalSection
	GlobalSection(ProjectConfigurationPlatforms) = postSolution
		{7EC24194-8662-4580-BFC9-FA619BFC67CA}.Debug|Any CPU.ActiveCfg = Debug|Any CPU
		{7EC24194-8662-4580-BFC9-FA619BFC67CA}.Debug|Any CPU.Build.0 = Debug|Any CPU
		{7EC24194-8662-4580-BFC9-FA619BFC67CA}.Release|Any CPU.ActiveCfg = Release|Any CPU
		{7EC24194-8662-4580-BFC9-FA619BFC67CA}.Release|Any CPU.Build.0 = Release|Any CPU
	EndGlobalSection
	GlobalSection(SolutionProperties) = preSolution
		HideSolutionNode = FALSE
	EndGlobalSection
	GlobalSection(ExtensibilityGlobals) = postSolution
		SolutionGuid = {90E8F5E6-0E7E-405D-B48B-22BED13829F8}
	EndGlobalSection
EndGlobal
